// !$*UTF8*$!
{
	archiveVersion = 1;
	classes = {
	};
	objectVersion = 55;
	objects = {

/* Begin PBXBuildFile section */
		340599E5283F514E00554676 /* AppDelegate.swift in Sources */ = {isa = PBXBuildFile; fileRef = 340599E4283F514E00554676 /* AppDelegate.swift */; };
		340599E7283F514E00554676 /* SceneDelegate.swift in Sources */ = {isa = PBXBuildFile; fileRef = 340599E6283F514E00554676 /* SceneDelegate.swift */; };
		340599EC283F514E00554676 /* Main.storyboard in Resources */ = {isa = PBXBuildFile; fileRef = 340599EA283F514E00554676 /* Main.storyboard */; };
		340599EE283F515100554676 /* Assets.xcassets in Resources */ = {isa = PBXBuildFile; fileRef = 340599ED283F515100554676 /* Assets.xcassets */; };
		340599F1283F515100554676 /* LaunchScreen.storyboard in Resources */ = {isa = PBXBuildFile; fileRef = 340599EF283F515100554676 /* LaunchScreen.storyboard */; };
		340599FC283F521B00554676 /* MoviesListVC.swift in Sources */ = {isa = PBXBuildFile; fileRef = 340599FB283F521B00554676 /* MoviesListVC.swift */; };
		340599FE283F522F00554676 /* FavoritesVC.swift in Sources */ = {isa = PBXBuildFile; fileRef = 340599FD283F522F00554676 /* FavoritesVC.swift */; };
		34059A01283F633D00554676 /* MoviesListModel.swift in Sources */ = {isa = PBXBuildFile; fileRef = 34059A00283F633D00554676 /* MoviesListModel.swift */; };
		34059A04283F769800554676 /* ActivitySpinnerView.swift in Sources */ = {isa = PBXBuildFile; fileRef = 34059A03283F769800554676 /* ActivitySpinnerView.swift */; };
		34059A06283F772300554676 /* FavoritesModel.swift in Sources */ = {isa = PBXBuildFile; fileRef = 34059A05283F772300554676 /* FavoritesModel.swift */; };
		34730BEC2840B1E000B9B865 /* MovieListTBC.swift in Sources */ = {isa = PBXBuildFile; fileRef = 34730BEB2840B1E000B9B865 /* MovieListTBC.swift */; };
/* End PBXBuildFile section */

/* Begin PBXFileReference section */
		340599E1283F514E00554676 /* MovieApp.app */ = {isa = PBXFileReference; explicitFileType = wrapper.application; includeInIndex = 0; path = MovieApp.app; sourceTree = BUILT_PRODUCTS_DIR; };
		340599E4283F514E00554676 /* AppDelegate.swift */ = {isa = PBXFileReference; lastKnownFileType = sourcecode.swift; path = AppDelegate.swift; sourceTree = "<group>"; };
		340599E6283F514E00554676 /* SceneDelegate.swift */ = {isa = PBXFileReference; lastKnownFileType = sourcecode.swift; path = SceneDelegate.swift; sourceTree = "<group>"; };
		340599EB283F514E00554676 /* Base */ = {isa = PBXFileReference; lastKnownFileType = file.storyboard; name = Base; path = Base.lproj/Main.storyboard; sourceTree = "<group>"; };
		340599ED283F515100554676 /* Assets.xcassets */ = {isa = PBXFileReference; lastKnownFileType = folder.assetcatalog; path = Assets.xcassets; sourceTree = "<group>"; };
		340599F0283F515100554676 /* Base */ = {isa = PBXFileReference; lastKnownFileType = file.storyboard; name = Base; path = Base.lproj/LaunchScreen.storyboard; sourceTree = "<group>"; };
		340599F2283F515100554676 /* Info.plist */ = {isa = PBXFileReference; lastKnownFileType = text.plist.xml; path = Info.plist; sourceTree = "<group>"; };
		340599FB283F521B00554676 /* MoviesListVC.swift */ = {isa = PBXFileReference; lastKnownFileType = sourcecode.swift; path = MoviesListVC.swift; sourceTree = "<group>"; };
		340599FD283F522F00554676 /* FavoritesVC.swift */ = {isa = PBXFileReference; lastKnownFileType = sourcecode.swift; path = FavoritesVC.swift; sourceTree = "<group>"; };
		34059A00283F633D00554676 /* MoviesListModel.swift */ = {isa = PBXFileReference; lastKnownFileType = sourcecode.swift; path = MoviesListModel.swift; sourceTree = "<group>"; };
		34059A03283F769800554676 /* ActivitySpinnerView.swift */ = {isa = PBXFileReference; lastKnownFileType = sourcecode.swift; path = ActivitySpinnerView.swift; sourceTree = "<group>"; };
		34059A05283F772300554676 /* FavoritesModel.swift */ = {isa = PBXFileReference; lastKnownFileType = sourcecode.swift; path = FavoritesModel.swift; sourceTree = "<group>"; };
		34730BEB2840B1E000B9B865 /* MovieListTBC.swift */ = {isa = PBXFileReference; lastKnownFileType = sourcecode.swift; path = MovieListTBC.swift; sourceTree = "<group>"; };
/* End PBXFileReference section */

/* Begin PBXFrameworksBuildPhase section */
		340599DE283F514E00554676 /* Frameworks */ = {
			isa = PBXFrameworksBuildPhase;
			buildActionMask = 2147483647;
			files = (
			);
			runOnlyForDeploymentPostprocessing = 0;
		};
/* End PBXFrameworksBuildPhase section */

/* Begin PBXGroup section */
		340599D8283F514E00554676 = {
			isa = PBXGroup;
			children = (
				340599E3283F514E00554676 /* MovieApp */,
				340599E2283F514E00554676 /* Products */,
			);
			sourceTree = "<group>";
		};
		340599E2283F514E00554676 /* Products */ = {
			isa = PBXGroup;
			children = (
				340599E1283F514E00554676 /* MovieApp.app */,
			);
			name = Products;
			sourceTree = "<group>";
		};
		340599E3283F514E00554676 /* MovieApp */ = {
			isa = PBXGroup;
			children = (
				34730BEA2840B1BD00B9B865 /* Cells */,
				340599FF283F633200554676 /* Model */,
				340599F9283F519F00554676 /* Controllers */,
				340599FA283F51AF00554676 /* View */,
				34059A02283F766F00554676 /* ActivityIndicatorClass */,
				340599F8283F519300554676 /* Delegates */,
				340599F2283F515100554676 /* Info.plist */,
			);
			path = MovieApp;
			sourceTree = "<group>";
		};
		340599F8283F519300554676 /* Delegates */ = {
			isa = PBXGroup;
			children = (
				340599E4283F514E00554676 /* AppDelegate.swift */,
				340599E6283F514E00554676 /* SceneDelegate.swift */,
			);
			path = Delegates;
			sourceTree = "<group>";
		};
		340599F9283F519F00554676 /* Controllers */ = {
			isa = PBXGroup;
			children = (
				340599FB283F521B00554676 /* MoviesListVC.swift */,
				340599FD283F522F00554676 /* FavoritesVC.swift */,
			);
			path = Controllers;
			sourceTree = "<group>";
		};
		340599FA283F51AF00554676 /* View */ = {
			isa = PBXGroup;
			children = (
				340599EA283F514E00554676 /* Main.storyboard */,
				340599EF283F515100554676 /* LaunchScreen.storyboard */,
				340599ED283F515100554676 /* Assets.xcassets */,
			);
			path = View;
			sourceTree = "<group>";
		};
		340599FF283F633200554676 /* Model */ = {
			isa = PBXGroup;
			children = (
				34059A00283F633D00554676 /* MoviesListModel.swift */,
				34059A05283F772300554676 /* FavoritesModel.swift */,
			);
			path = Model;
			sourceTree = "<group>";
		};
		34059A02283F766F00554676 /* ActivityIndicatorClass */ = {
			isa = PBXGroup;
			children = (
				34059A03283F769800554676 /* ActivitySpinnerView.swift */,
			);
			path = ActivityIndicatorClass;
			sourceTree = "<group>";
		};
		34730BEA2840B1BD00B9B865 /* Cells */ = {
			isa = PBXGroup;
			children = (
				34730BEB2840B1E000B9B865 /* MovieListTBC.swift */,
			);
			path = Cells;
			sourceTree = "<group>";
		};
/* End PBXGroup section */

/* Begin PBXNativeTarget section */
		340599E0283F514E00554676 /* MovieApp */ = {
			isa = PBXNativeTarget;
			buildConfigurationList = 340599F5283F515100554676 /* Build configuration list for PBXNativeTarget "MovieApp" */;
			buildPhases = (
				340599DD283F514E00554676 /* Sources */,
				340599DE283F514E00554676 /* Frameworks */,
				340599DF283F514E00554676 /* Resources */,
			);
			buildRules = (
			);
			dependencies = (
			);
			name = MovieApp;
			productName = MovieApp;
			productReference = 340599E1283F514E00554676 /* MovieApp.app */;
			productType = "com.apple.product-type.application";
		};
/* End PBXNativeTarget section */

/* Begin PBXProject section */
		340599D9283F514E00554676 /* Project object */ = {
			isa = PBXProject;
			attributes = {
				BuildIndependentTargetsInParallel = 1;
				LastSwiftUpdateCheck = 1330;
				LastUpgradeCheck = 1330;
				TargetAttributes = {
					340599E0283F514E00554676 = {
						CreatedOnToolsVersion = 13.3;
					};
				};
			};
			buildConfigurationList = 340599DC283F514E00554676 /* Build configuration list for PBXProject "MovieApp" */;
			compatibilityVersion = "Xcode 13.0";
			developmentRegion = en;
			hasScannedForEncodings = 0;
			knownRegions = (
				en,
				Base,
			);
			mainGroup = 340599D8283F514E00554676;
			productRefGroup = 340599E2283F514E00554676 /* Products */;
			projectDirPath = "";
			projectRoot = "";
			targets = (
				340599E0283F514E00554676 /* MovieApp */,
			);
		};
/* End PBXProject section */

/* Begin PBXResourcesBuildPhase section */
		340599DF283F514E00554676 /* Resources */ = {
			isa = PBXResourcesBuildPhase;
			buildActionMask = 2147483647;
			files = (
				340599F1283F515100554676 /* LaunchScreen.storyboard in Resources */,
				340599EE283F515100554676 /* Assets.xcassets in Resources */,
				340599EC283F514E00554676 /* Main.storyboard in Resources */,
			);
			runOnlyForDeploymentPostprocessing = 0;
		};
/* End PBXResourcesBuildPhase section */

/* Begin PBXSourcesBuildPhase section */
		340599DD283F514E00554676 /* Sources */ = {
			isa = PBXSourcesBuildPhase;
			buildActionMask = 2147483647;
			files = (
				34059A01283F633D00554676 /* MoviesListModel.swift in Sources */,
				340599FE283F522F00554676 /* FavoritesVC.swift in Sources */,
				34730BEC2840B1E000B9B865 /* MovieListTBC.swift in Sources */,
				340599FC283F521B00554676 /* MoviesListVC.swift in Sources */,
				34059A04283F769800554676 /* ActivitySpinnerView.swift in Sources */,
				340599E5283F514E00554676 /* AppDelegate.swift in Sources */,
				340599E7283F514E00554676 /* SceneDelegate.swift in Sources */,
				34059A06283F772300554676 /* FavoritesModel.swift in Sources */,
			);
			runOnlyForDeploymentPostprocessing = 0;
		};
/* End PBXSourcesBuildPhase section */

/* Begin PBXVariantGroup section */
		340599EA283F514E00554676 /* Main.storyboard */ = {
			isa = PBXVariantGroup;
			children = (
				340599EB283F514E00554676 /* Base */,
			);
			name = Main.storyboard;
			sourceTree = "<group>";
		};
		340599EF283F515100554676 /* LaunchScreen.storyboard */ = {
			isa = PBXVariantGroup;
			children = (
				340599F0283F515100554676 /* Base */,
			);
			name = LaunchScreen.storyboard;
			sourceTree = "<group>";
		};
/* End PBXVariantGroup section */

/* Begin XCBuildConfiguration section */
		340599F3283F515100554676 /* Debug */ = {
			isa = XCBuildConfiguration;
			buildSettings = {
				ALWAYS_SEARCH_USER_PATHS = NO;
				CLANG_ANALYZER_NONNULL = YES;
				CLANG_ANALYZER_NUMBER_OBJECT_CONVERSION = YES_AGGRESSIVE;
				CLANG_CXX_LANGUAGE_STANDARD = "gnu++17";
				CLANG_ENABLE_MODULES = YES;
				CLANG_ENABLE_OBJC_ARC = YES;
				CLANG_ENABLE_OBJC_WEAK = YES;
				CLANG_WARN_BLOCK_CAPTURE_AUTORELEASING = YES;
				CLANG_WARN_BOOL_CONVERSION = YES;
				CLANG_WARN_COMMA = YES;
				CLANG_WARN_CONSTANT_CONVERSION = YES;
				CLANG_WARN_DEPRECATED_OBJC_IMPLEMENTATIONS = YES;
				CLANG_WARN_DIRECT_OBJC_ISA_USAGE = YES_ERROR;
				CLANG_WARN_DOCUMENTATION_COMMENTS = YES;
				CLANG_WARN_EMPTY_BODY = YES;
				CLANG_WARN_ENUM_CONVERSION = YES;
				CLANG_WARN_INFINITE_RECURSION = YES;
				CLANG_WARN_INT_CONVERSION = YES;
				CLANG_WARN_NON_LITERAL_NULL_CONVERSION = YES;
				CLANG_WARN_OBJC_IMPLICIT_RETAIN_SELF = YES;
				CLANG_WARN_OBJC_LITERAL_CONVERSION = YES;
				CLANG_WARN_OBJC_ROOT_CLASS = YES_ERROR;
				CLANG_WARN_QUOTED_INCLUDE_IN_FRAMEWORK_HEADER = YES;
				CLANG_WARN_RANGE_LOOP_ANALYSIS = YES;
				CLANG_WARN_STRICT_PROTOTYPES = YES;
				CLANG_WARN_SUSPICIOUS_MOVE = YES;
				CLANG_WARN_UNGUARDED_AVAILABILITY = YES_AGGRESSIVE;
				CLANG_WARN_UNREACHABLE_CODE = YES;
				CLANG_WARN__DUPLICATE_METHOD_MATCH = YES;
				COPY_PHASE_STRIP = NO;
				DEBUG_INFORMATION_FORMAT = dwarf;
				ENABLE_STRICT_OBJC_MSGSEND = YES;
				ENABLE_TESTABILITY = YES;
				GCC_C_LANGUAGE_STANDARD = gnu11;
				GCC_DYNAMIC_NO_PIC = NO;
				GCC_NO_COMMON_BLOCKS = YES;
				GCC_OPTIMIZATION_LEVEL = 0;
				GCC_PREPROCESSOR_DEFINITIONS = (
					"DEBUG=1",
					"$(inherited)",
				);
				GCC_WARN_64_TO_32_BIT_CONVERSION = YES;
				GCC_WARN_ABOUT_RETURN_TYPE = YES_ERROR;
				GCC_WARN_UNDECLARED_SELECTOR = YES;
				GCC_WARN_UNINITIALIZED_AUTOS = YES_AGGRESSIVE;
				GCC_WARN_UNUSED_FUNCTION = YES;
				GCC_WARN_UNUSED_VARIABLE = YES;
				IPHONEOS_DEPLOYMENT_TARGET = 15.4;
				MTL_ENABLE_DEBUG_INFO = INCLUDE_SOURCE;
				MTL_FAST_MATH = YES;
				ONLY_ACTIVE_ARCH = YES;
				SDKROOT = iphoneos;
				SWIFT_ACTIVE_COMPILATION_CONDITIONS = DEBUG;
				SWIFT_OPTIMIZATION_LEVEL = "-Onone";
			};
			name = Debug;
		};
		340599F4283F515100554676 /* Release */ = {
			isa = XCBuildConfiguration;
			buildSettings = {
				ALWAYS_SEARCH_USER_PATHS = NO;
				CLANG_ANALYZER_NONNULL = YES;
				CLANG_ANALYZER_NUMBER_OBJECT_CONVERSION = YES_AGGRESSIVE;
				CLANG_CXX_LANGUAGE_STANDARD = "gnu++17";
				CLANG_ENABLE_MODULES = YES;
				CLANG_ENABLE_OBJC_ARC = YES;
				CLANG_ENABLE_OBJC_WEAK = YES;
				CLANG_WARN_BLOCK_CAPTURE_AUTORELEASING = YES;
				CLANG_WARN_BOOL_CONVERSION = YES;
				CLANG_WARN_COMMA = YES;
				CLANG_WARN_CONSTANT_CONVERSION = YES;
				CLANG_WARN_DEPRECATED_OBJC_IMPLEMENTATIONS = YES;
				CLANG_WARN_DIRECT_OBJC_ISA_USAGE = YES_ERROR;
				CLANG_WARN_DOCUMENTATION_COMMENTS = YES;
				CLANG_WARN_EMPTY_BODY = YES;
				CLANG_WARN_ENUM_CONVERSION = YES;
				CLANG_WARN_INFINITE_RECURSION = YES;
				CLANG_WARN_INT_CONVERSION = YES;
				CLANG_WARN_NON_LITERAL_NULL_CONVERSION = YES;
				CLANG_WARN_OBJC_IMPLICIT_RETAIN_SELF = YES;
				CLANG_WARN_OBJC_LITERAL_CONVERSION = YES;
				CLANG_WARN_OBJC_ROOT_CLASS = YES_ERROR;
				CLANG_WARN_QUOTED_INCLUDE_IN_FRAMEWORK_HEADER = YES;
				CLANG_WARN_RANGE_LOOP_ANALYSIS = YES;
				CLANG_WARN_STRICT_PROTOTYPES = YES;
				CLANG_WARN_SUSPICIOUS_MOVE = YES;
				CLANG_WARN_UNGUARDED_AVAILABILITY = YES_AGGRESSIVE;
				CLANG_WARN_UNREACHABLE_CODE = YES;
				CLANG_WARN__DUPLICATE_METHOD_MATCH = YES;
				COPY_PHASE_STRIP = NO;
				DEBUG_INFORMATION_FORMAT = "dwarf-with-dsym";
				ENABLE_NS_ASSERTIONS = NO;
				ENABLE_STRICT_OBJC_MSGSEND = YES;
				GCC_C_LANGUAGE_STANDARD = gnu11;
				GCC_NO_COMMON_BLOCKS = YES;
				GCC_WARN_64_TO_32_BIT_CONVERSION = YES;
				GCC_WARN_ABOUT_RETURN_TYPE = YES_ERROR;
				GCC_WARN_UNDECLARED_SELECTOR = YES;
				GCC_WARN_UNINITIALIZED_AUTOS = YES_AGGRESSIVE;
				GCC_WARN_UNUSED_FUNCTION = YES;
				GCC_WARN_UNUSED_VARIABLE = YES;
				IPHONEOS_DEPLOYMENT_TARGET = 15.4;
				MTL_ENABLE_DEBUG_INFO = NO;
				MTL_FAST_MATH = YES;
				SDKROOT = iphoneos;
				SWIFT_COMPILATION_MODE = wholemodule;
				SWIFT_OPTIMIZATION_LEVEL = "-O";
				VALIDATE_PRODUCT = YES;
			};
			name = Release;
		};
		340599F6283F515100554676 /* Debug */ = {
			isa = XCBuildConfiguration;
			buildSettings = {
				ASSETCATALOG_COMPILER_APPICON_NAME = AppIcon;
				ASSETCATALOG_COMPILER_GLOBAL_ACCENT_COLOR_NAME = AccentColor;
				CODE_SIGN_STYLE = Automatic;
				CURRENT_PROJECT_VERSION = 1;
				DEVELOPMENT_TEAM = CLSWK43D4X;
				GENERATE_INFOPLIST_FILE = YES;
				INFOPLIST_FILE = MovieApp/Info.plist;
				INFOPLIST_KEY_UIApplicationSupportsIndirectInputEvents = YES;
				INFOPLIST_KEY_UILaunchStoryboardName = LaunchScreen;
				INFOPLIST_KEY_UIMainStoryboardFile = Main;
				INFOPLIST_KEY_UISupportedInterfaceOrientations = UIInterfaceOrientationPortrait;
				INFOPLIST_KEY_UISupportedInterfaceOrientations_iPad = "UIInterfaceOrientationPortrait UIInterfaceOrientationPortraitUpsideDown";
				INFOPLIST_KEY_UISupportedInterfaceOrientations_iPhone = UIInterfaceOrientationPortrait;
				LD_RUNPATH_SEARCH_PATHS = (
					"$(inherited)",
					"@executable_path/Frameworks",
				);
				MARKETING_VERSION = 1.0;
				PRODUCT_BUNDLE_IDENTIFIER = com.Matt.MovieApp;
				PRODUCT_NAME = "$(TARGET_NAME)";
				SWIFT_EMIT_LOC_STRINGS = YES;
				SWIFT_VERSION = 5.0;
				TARGETED_DEVICE_FAMILY = "1,2";
			};
			name = Debug;
		};
		340599F7283F515100554676 /* Release */ = {
			isa = XCBuildConfiguration;
			buildSettings = {
				ASSETCATALOG_COMPILER_APPICON_NAME = AppIcon;
				ASSETCATALOG_COMPILER_GLOBAL_ACCENT_COLOR_NAME = AccentColor;
				CODE_SIGN_STYLE = Automatic;
				CURRENT_PROJECT_VERSION = 1;
				DEVELOPMENT_TEAM = CLSWK43D4X;
				GENERATE_INFOPLIST_FILE = YES;
				INFOPLIST_FILE = MovieApp/Info.plist;
				INFOPLIST_KEY_UIApplicationSupportsIndirectInputEvents = YES;
				INFOPLIST_KEY_UILaunchStoryboardName = LaunchScreen;
				INFOPLIST_KEY_UIMainStoryboardFile = Main;
				INFOPLIST_KEY_UISupportedInterfaceOrientations = UIInterfaceOrientationPortrait;
				INFOPLIST_KEY_UISupportedInterfaceOrientations_iPad = "UIInterfaceOrientationPortrait UIInterfaceOrientationPortraitUpsideDown";
				INFOPLIST_KEY_UISupportedInterfaceOrientations_iPhone = UIInterfaceOrientationPortrait;
				LD_RUNPATH_SEARCH_PATHS = (
					"$(inherited)",
					"@executable_path/Frameworks",
				);
				MARKETING_VERSION = 1.0;
				PRODUCT_BUNDLE_IDENTIFIER = com.Matt.MovieApp;
				PRODUCT_NAME = "$(TARGET_NAME)";
				SWIFT_EMIT_LOC_STRINGS = YES;
				SWIFT_VERSION = 5.0;
				TARGETED_DEVICE_FAMILY = "1,2";
			};
			name = Release;
		};
/* End XCBuildConfiguration section */

/* Begin XCConfigurationList section */
		340599DC283F514E00554676 /* Build configuration list for PBXProject "MovieApp" */ = {
			isa = XCConfigurationList;
			buildConfigurations = (
				340599F3283F515100554676 /* Debug */,
				340599F4283F515100554676 /* Release */,
			);
			defaultConfigurationIsVisible = 0;
			defaultConfigurationName = Release;
		};
		340599F5283F515100554676 /* Build configuration list for PBXNativeTarget "MovieApp" */ = {
			isa = XCConfigurationList;
			buildConfigurations = (
				340599F6283F515100554676 /* Debug */,
				340599F7283F515100554676 /* Release */,
			);
			defaultConfigurationIsVisible = 0;
			defaultConfigurationName = Release;
		};
/* End XCConfigurationList section */
	};
	rootObject = 340599D9283F514E00554676 /* Project object */;
}
